
Microsoft Visual Studio Solution File, Format Version 12.00
# Visual Studio Version 17
VisualStudioVersion = 17.4.33213.308
MinimumVisualStudioVersion = 10.0.40219.1
Project("{FAE04EC0-301F-11D3-BF4B-00C04F79EFBC}") = "RVITakePic", "RVITakePic\RVITakePic.csproj", "{F2A9639C-1A48-4308-BFB5-7D40119DD2B9}"
EndProject
Global
	GlobalSection(SolutionConfigurationPlatforms) = preSolution
		Debug|Any CPU = Debug|Any CPU
		Release|Any CPU = Release|Any CPU
		RVIServer|Any CPU = RVIServer|Any CPU
	EndGlobalSection
	GlobalSection(ProjectConfigurationPlatforms) = postSolution
		{F2A9639C-1A48-4308-BFB5-7D40119DD2B9}.Debug|Any CPU.ActiveCfg = Debug|Any CPU
		{F2A9639C-1A48-4308-BFB5-7D40119DD2B9}.Debug|Any CPU.Build.0 = Debug|Any CPU
		{F2A9639C-1A48-4308-BFB5-7D40119DD2B9}.Release|Any CPU.ActiveCfg = Release|Any CPU
		{F2A9639C-1A48-4308-BFB5-7D40119DD2B9}.Release|Any CPU.Build.0 = Release|Any CPU
		{F2A9639C-1A48-4308-BFB5-7D40119DD2B9}.RVIServer|Any CPU.ActiveCfg = RVIServer|Any CPU
		{F2A9639C-1A48-4308-BFB5-7D40119DD2B9}.RVIServer|Any CPU.Build.0 = RVIServer|Any CPU
	EndGlobalSection
	GlobalSection(SolutionProperties) = preSolution
		HideSolutionNode = FALSE
	EndGlobalSection
	GlobalSection(ExtensibilityGlobals) = postSolution
		SolutionGuid = {ECCBA08C-9369-4A8A-BC74-CDE44C25F29A}
	EndGlobalSection
EndGlobal
